
Microsoft Visual Studio Solution File, Format Version 12.00
# Visual Studio Version 17
VisualStudioVersion = 17.0.31903.59
MinimumVisualStudioVersion = 10.0.40219.1
Project("{2150E333-8FDC-42A3-9474-1A3956D46DE8}") = "src", "src", "{827E0CD3-B72D-47B6-A68D-7590B98EB39B}"
EndProject
Project("{FAE04EC0-301F-11D3-BF4B-00C04F79EFBC}") = "NScreenplay.Core", "src\NScreenplay.Core\NScreenplay.Core.csproj", "{F39CB704-7626-4312-B6BA-56DFFBC44C68}"
EndProject
Project("{FAE04EC0-301F-11D3-BF4B-00C04F79EFBC}") = "NScreenplay.Playwright", "src\NScreenplay.Playwright\NScreenplay.Playwright.csproj", "{4790A424-CFF2-4A4A-96B2-C5A1212B7A23}"
EndProject
Project("{FAE04EC0-301F-11D3-BF4B-00C04F79EFBC}") = "NScreenplay.Reqnroll", "src\NScreenplay.Reqnroll\NScreenplay.Reqnroll.csproj", "{93ED9048-A9AD-40EC-B43A-63BF654B192F}"
EndProject
Project("{FAE04EC0-301F-11D3-BF4B-00C04F79EFBC}") = "NScreenplay.Mcp", "src\NScreenplay.Mcp\NScreenplay.Mcp.csproj", "{6420411F-FAE0-4C9A-BC92-24AC776B7F21}"
EndProject
Project("{2150E333-8FDC-42A3-9474-1A3956D46DE8}") = "tests", "tests", "{0AB3BF05-4346-4AA6-1389-037BE0695223}"
EndProject
Project("{FAE04EC0-301F-11D3-BF4B-00C04F79EFBC}") = "NScreenplay.Core.Tests", "tests\NScreenplay.Core.Tests\NScreenplay.Core.Tests.csproj", "{7EBFADF7-9B33-4658-AD38-3B5E062570C3}"
EndProject
Project("{FAE04EC0-301F-11D3-BF4B-00C04F79EFBC}") = "NScreenplay.Mcp.Tests", "tests\NScreenplay.Mcp.Tests\NScreenplay.Mcp.Tests.csproj", "{C4404661-123B-41DC-A300-E2D5B71A1A64}"
EndProject
Project("{FAE04EC0-301F-11D3-BF4B-00C04F79EFBC}") = "NScreenplay.Playwright.Tests", "tests\NScreenplay.Playwright.Tests\NScreenplay.Playwright.Tests.csproj", "{71A59C09-2BD6-49EA-91F1-93C7704EB220}"
EndProject
Project("{FAE04EC0-301F-11D3-BF4B-00C04F79EFBC}") = "NScreenplay.Reqnroll.Tests", "tests\NScreenplay.Reqnroll.Tests\NScreenplay.Reqnroll.Tests.csproj", "{CF02F3BA-E92B-409F-94E3-49BEC907D32C}"
EndProject
Project("{2150E333-8FDC-42A3-9474-1A3956D46DE8}") = "samples", "samples", "{5D20AA90-6969-D8BD-9DCD-8634F4692FDA}"
EndProject
Project("{FAE04EC0-301F-11D3-BF4B-00C04F79EFBC}") = "Login", "samples\Login\Login.csproj", "{64E55623-40F7-4C38-871F-D38611FE5DC8}"
EndProject
Project("{FAE04EC0-301F-11D3-BF4B-00C04F79EFBC}") = "WalletApi", "samples\WalletApi\WalletApi.csproj", "{D7F8B7D0-2EF7-45DB-AC4A-5A31B16A7A8B}"
EndProject
Project("{FAE04EC0-301F-11D3-BF4B-00C04F79EFBC}") = "ReqnrollSmoke", "samples\ReqnrollSmoke\ReqnrollSmoke.csproj", "{E6A09E93-F33A-410B-94E2-F86F92CF4236}"
EndProject
Global
	GlobalSection(SolutionConfigurationPlatforms) = preSolution
		Debug|Any CPU = Debug|Any CPU
		Debug|x64 = Debug|x64
		Debug|x86 = Debug|x86
		Release|Any CPU = Release|Any CPU
		Release|x64 = Release|x64
		Release|x86 = Release|x86
	EndGlobalSection
	GlobalSection(ProjectConfigurationPlatforms) = postSolution
		{F39CB704-7626-4312-B6BA-56DFFBC44C68}.Debug|Any CPU.ActiveCfg = Debug|Any CPU
		{F39CB704-7626-4312-B6BA-56DFFBC44C68}.Debug|Any CPU.Build.0 = Debug|Any CPU
		{F39CB704-7626-4312-B6BA-56DFFBC44C68}.Debug|x64.ActiveCfg = Debug|Any CPU
		{F39CB704-7626-4312-B6BA-56DFFBC44C68}.Debug|x64.Build.0 = Debug|Any CPU
		{F39CB704-7626-4312-B6BA-56DFFBC44C68}.Debug|x86.ActiveCfg = Debug|Any CPU
		{F39CB704-7626-4312-B6BA-56DFFBC44C68}.Debug|x86.Build.0 = Debug|Any CPU
		{F39CB704-7626-4312-B6BA-56DFFBC44C68}.Release|Any CPU.ActiveCfg = Release|Any CPU
		{F39CB704-7626-4312-B6BA-56DFFBC44C68}.Release|Any CPU.Build.0 = Release|Any CPU
		{F39CB704-7626-4312-B6BA-56DFFBC44C68}.Release|x64.ActiveCfg = Release|Any CPU
		{F39CB704-7626-4312-B6BA-56DFFBC44C68}.Release|x64.Build.0 = Release|Any CPU
		{F39CB704-7626-4312-B6BA-56DFFBC44C68}.Release|x86.ActiveCfg = Release|Any CPU
		{F39CB704-7626-4312-B6BA-56DFFBC44C68}.Release|x86.Build.0 = Release|Any CPU
		{4790A424-CFF2-4A4A-96B2-C5A1212B7A23}.Debug|Any CPU.ActiveCfg = Debug|Any CPU
		{4790A424-CFF2-4A4A-96B2-C5A1212B7A23}.Debug|Any CPU.Build.0 = Debug|Any CPU
		{4790A424-CFF2-4A4A-96B2-C5A1212B7A23}.Debug|x64.ActiveCfg = Debug|Any CPU
		{4790A424-CFF2-4A4A-96B2-C5A1212B7A23}.Debug|x64.Build.0 = Debug|Any CPU
		{4790A424-CFF2-4A4A-96B2-C5A1212B7A23}.Debug|x86.ActiveCfg = Debug|Any CPU
		{4790A424-CFF2-4A4A-96B2-C5A1212B7A23}.Debug|x86.Build.0 = Debug|Any CPU
		{4790A424-CFF2-4A4A-96B2-C5A1212B7A23}.Release|Any CPU.ActiveCfg = Release|Any CPU
		{4790A424-CFF2-4A4A-96B2-C5A1212B7A23}.Release|Any CPU.Build.0 = Release|Any CPU
		{4790A424-CFF2-4A4A-96B2-C5A1212B7A23}.Release|x64.ActiveCfg = Release|Any CPU
		{4790A424-CFF2-4A4A-96B2-C5A1212B7A23}.Release|x64.Build.0 = Release|Any CPU
		{4790A424-CFF2-4A4A-96B2-C5A1212B7A23}.Release|x86.ActiveCfg = Release|Any CPU
		{4790A424-CFF2-4A4A-96B2-C5A1212B7A23}.Release|x86.Build.0 = Release|Any CPU
		{93ED9048-A9AD-40EC-B43A-63BF654B192F}.Debug|Any CPU.ActiveCfg = Debug|Any CPU
		{93ED9048-A9AD-40EC-B43A-63BF654B192F}.Debug|Any CPU.Build.0 = Debug|Any CPU
		{93ED9048-A9AD-40EC-B43A-63BF654B192F}.Debug|x64.ActiveCfg = Debug|Any CPU
		{93ED9048-A9AD-40EC-B43A-63BF654B192F}.Debug|x64.Build.0 = Debug|Any CPU
		{93ED9048-A9AD-40EC-B43A-63BF654B192F}.Debug|x86.ActiveCfg = Debug|Any CPU
		{93ED9048-A9AD-40EC-B43A-63BF654B192F}.Debug|x86.Build.0 = Debug|Any CPU
		{93ED9048-A9AD-40EC-B43A-63BF654B192F}.Release|Any CPU.ActiveCfg = Release|Any CPU
		{93ED9048-A9AD-40EC-B43A-63BF654B192F}.Release|Any CPU.Build.0 = Release|Any CPU
		{93ED9048-A9AD-40EC-B43A-63BF654B192F}.Release|x64.ActiveCfg = Release|Any CPU
		{93ED9048-A9AD-40EC-B43A-63BF654B192F}.Release|x64.Build.0 = Release|Any CPU
		{93ED9048-A9AD-40EC-B43A-63BF654B192F}.Release|x86.ActiveCfg = Release|Any CPU
		{93ED9048-A9AD-40EC-B43A-63BF654B192F}.Release|x86.Build.0 = Release|Any CPU
		{6420411F-FAE0-4C9A-BC92-24AC776B7F21}.Debug|Any CPU.ActiveCfg = Debug|Any CPU
		{6420411F-FAE0-4C9A-BC92-24AC776B7F21}.Debug|Any CPU.Build.0 = Debug|Any CPU
		{6420411F-FAE0-4C9A-BC92-24AC776B7F21}.Debug|x64.ActiveCfg = Debug|Any CPU
		{6420411F-FAE0-4C9A-BC92-24AC776B7F21}.Debug|x64.Build.0 = Debug|Any CPU
		{6420411F-FAE0-4C9A-BC92-24AC776B7F21}.Debug|x86.ActiveCfg = Debug|Any CPU
		{6420411F-FAE0-4C9A-BC92-24AC776B7F21}.Debug|x86.Build.0 = Debug|Any CPU
		{6420411F-FAE0-4C9A-BC92-24AC776B7F21}.Release|Any CPU.ActiveCfg = Release|Any CPU
		{6420411F-FAE0-4C9A-BC92-24AC776B7F21}.Release|Any CPU.Build.0 = Release|Any CPU
		{6420411F-FAE0-4C9A-BC92-24AC776B7F21}.Release|x64.ActiveCfg = Release|Any CPU
		{6420411F-FAE0-4C9A-BC92-24AC776B7F21}.Release|x64.Build.0 = Release|Any CPU
		{6420411F-FAE0-4C9A-BC92-24AC776B7F21}.Release|x86.ActiveCfg = Release|Any CPU
		{6420411F-FAE0-4C9A-BC92-24AC776B7F21}.Release|x86.Build.0 = Release|Any CPU
		{7EBFADF7-9B33-4658-AD38-3B5E062570C3}.Debug|Any CPU.ActiveCfg = Debug|Any CPU
		{7EBFADF7-9B33-4658-AD38-3B5E062570C3}.Debug|Any CPU.Build.0 = Debug|Any CPU
		{7EBFADF7-9B33-4658-AD38-3B5E062570C3}.Debug|x64.ActiveCfg = Debug|Any CPU
		{7EBFADF7-9B33-4658-AD38-3B5E062570C3}.Debug|x64.Build.0 = Debug|Any CPU
		{7EBFADF7-9B33-4658-AD38-3B5E062570C3}.Debug|x86.ActiveCfg = Debug|Any CPU
		{7EBFADF7-9B33-4658-AD38-3B5E062570C3}.Debug|x86.Build.0 = Debug|Any CPU
		{7EBFADF7-9B33-4658-AD38-3B5E062570C3}.Release|Any CPU.ActiveCfg = Release|Any CPU
		{7EBFADF7-9B33-4658-AD38-3B5E062570C3}.Release|Any CPU.Build.0 = Release|Any CPU
		{7EBFADF7-9B33-4658-AD38-3B5E062570C3}.Release|x64.ActiveCfg = Release|Any CPU
		{7EBFADF7-9B33-4658-AD38-3B5E062570C3}.Release|x64.Build.0 = Release|Any CPU
		{7EBFADF7-9B33-4658-AD38-3B5E062570C3}.Release|x86.ActiveCfg = Release|Any CPU
		{7EBFADF7-9B33-4658-AD38-3B5E062570C3}.Release|x86.Build.0 = Release|Any CPU
		{C4404661-123B-41DC-A300-E2D5B71A1A64}.Debug|Any CPU.ActiveCfg = Debug|Any CPU
		{C4404661-123B-41DC-A300-E2D5B71A1A64}.Debug|Any CPU.Build.0 = Debug|Any CPU
		{C4404661-123B-41DC-A300-E2D5B71A1A64}.Debug|x64.ActiveCfg = Debug|Any CPU
		{C4404661-123B-41DC-A300-E2D5B71A1A64}.Debug|x64.Build.0 = Debug|Any CPU
		{C4404661-123B-41DC-A300-E2D5B71A1A64}.Debug|x86.ActiveCfg = Debug|Any CPU
		{C4404661-123B-41DC-A300-E2D5B71A1A64}.Debug|x86.Build.0 = Debug|Any CPU
		{C4404661-123B-41DC-A300-E2D5B71A1A64}.Release|Any CPU.ActiveCfg = Release|Any CPU
		{C4404661-123B-41DC-A300-E2D5B71A1A64}.Release|Any CPU.Build.0 = Release|Any CPU
		{C4404661-123B-41DC-A300-E2D5B71A1A64}.Release|x64.ActiveCfg = Release|Any CPU
		{C4404661-123B-41DC-A300-E2D5B71A1A64}.Release|x64.Build.0 = Release|Any CPU
		{C4404661-123B-41DC-A300-E2D5B71A1A64}.Release|x86.ActiveCfg = Release|Any CPU
		{C4404661-123B-41DC-A300-E2D5B71A1A64}.Release|x86.Build.0 = Release|Any CPU
		{71A59C09-2BD6-49EA-91F1-93C7704EB220}.Debug|Any CPU.ActiveCfg = Debug|Any CPU
		{71A59C09-2BD6-49EA-91F1-93C7704EB220}.Debug|Any CPU.Build.0 = Debug|Any CPU
		{71A59C09-2BD6-49EA-91F1-93C7704EB220}.Debug|x64.ActiveCfg = Debug|Any CPU
		{71A59C09-2BD6-49EA-91F1-93C7704EB220}.Debug|x64.Build.0 = Debug|Any CPU
		{71A59C09-2BD6-49EA-91F1-93C7704EB220}.Debug|x86.ActiveCfg = Debug|Any CPU
		{71A59C09-2BD6-49EA-91F1-93C7704EB220}.Debug|x86.Build.0 = Debug|Any CPU
		{71A59C09-2BD6-49EA-91F1-93C7704EB220}.Release|Any CPU.ActiveCfg = Release|Any CPU
		{71A59C09-2BD6-49EA-91F1-93C7704EB220}.Release|Any CPU.Build.0 = Release|Any CPU
		{71A59C09-2BD6-49EA-91F1-93C7704EB220}.Release|x64.ActiveCfg = Release|Any CPU
		{71A59C09-2BD6-49EA-91F1-93C7704EB220}.Release|x64.Build.0 = Release|Any CPU
		{71A59C09-2BD6-49EA-91F1-93C7704EB220}.Release|x86.ActiveCfg = Release|Any CPU
		{71A59C09-2BD6-49EA-91F1-93C7704EB220}.Release|x86.Build.0 = Release|Any CPU
		{CF02F3BA-E92B-409F-94E3-49BEC907D32C}.Debug|Any CPU.ActiveCfg = Debug|Any CPU
		{CF02F3BA-E92B-409F-94E3-49BEC907D32C}.Debug|Any CPU.Build.0 = Debug|Any CPU
		{CF02F3BA-E92B-409F-94E3-49BEC907D32C}.Debug|x64.ActiveCfg = Debug|Any CPU
		{CF02F3BA-E92B-409F-94E3-49BEC907D32C}.Debug|x64.Build.0 = Debug|Any CPU
		{CF02F3BA-E92B-409F-94E3-49BEC907D32C}.Debug|x86.ActiveCfg = Debug|Any CPU
		{CF02F3BA-E92B-409F-94E3-49BEC907D32C}.Debug|x86.Build.0 = Debug|Any CPU
		{CF02F3BA-E92B-409F-94E3-49BEC907D32C}.Release|Any CPU.ActiveCfg = Release|Any CPU
		{CF02F3BA-E92B-409F-94E3-49BEC907D32C}.Release|Any CPU.Build.0 = Release|Any CPU
		{CF02F3BA-E92B-409F-94E3-49BEC907D32C}.Release|x64.ActiveCfg = Release|Any CPU
		{CF02F3BA-E92B-409F-94E3-49BEC907D32C}.Release|x64.Build.0 = Release|Any CPU
		{CF02F3BA-E92B-409F-94E3-49BEC907D32C}.Release|x86.ActiveCfg = Release|Any CPU
		{CF02F3BA-E92B-409F-94E3-49BEC907D32C}.Release|x86.Build.0 = Release|Any CPU
		{64E55623-40F7-4C38-871F-D38611FE5DC8}.Debug|Any CPU.ActiveCfg = Debug|Any CPU
		{64E55623-40F7-4C38-871F-D38611FE5DC8}.Debug|Any CPU.Build.0 = Debug|Any CPU
		{64E55623-40F7-4C38-871F-D38611FE5DC8}.Debug|x64.ActiveCfg = Debug|Any CPU
		{64E55623-40F7-4C38-871F-D38611FE5DC8}.Debug|x64.Build.0 = Debug|Any CPU
		{64E55623-40F7-4C38-871F-D38611FE5DC8}.Debug|x86.ActiveCfg = Debug|Any CPU
		{64E55623-40F7-4C38-871F-D38611FE5DC8}.Debug|x86.Build.0 = Debug|Any CPU
		{64E55623-40F7-4C38-871F-D38611FE5DC8}.Release|Any CPU.ActiveCfg = Release|Any CPU
		{64E55623-40F7-4C38-871F-D38611FE5DC8}.Release|Any CPU.Build.0 = Release|Any CPU
		{64E55623-40F7-4C38-871F-D38611FE5DC8}.Release|x64.ActiveCfg = Release|Any CPU
		{64E55623-40F7-4C38-871F-D38611FE5DC8}.Release|x64.Build.0 = Release|Any CPU
		{64E55623-40F7-4C38-871F-D38611FE5DC8}.Release|x86.ActiveCfg = Release|Any CPU
		{64E55623-40F7-4C38-871F-D38611FE5DC8}.Release|x86.Build.0 = Release|Any CPU
		{D7F8B7D0-2EF7-45DB-AC4A-5A31B16A7A8B}.Debug|Any CPU.ActiveCfg = Debug|Any CPU
		{D7F8B7D0-2EF7-45DB-AC4A-5A31B16A7A8B}.Debug|Any CPU.Build.0 = Debug|Any CPU
		{D7F8B7D0-2EF7-45DB-AC4A-5A31B16A7A8B}.Debug|x64.ActiveCfg = Debug|Any CPU
		{D7F8B7D0-2EF7-45DB-AC4A-5A31B16A7A8B}.Debug|x64.Build.0 = Debug|Any CPU
		{D7F8B7D0-2EF7-45DB-AC4A-5A31B16A7A8B}.Debug|x86.ActiveCfg = Debug|Any CPU
		{D7F8B7D0-2EF7-45DB-AC4A-5A31B16A7A8B}.Debug|x86.Build.0 = Debug|Any CPU
		{D7F8B7D0-2EF7-45DB-AC4A-5A31B16A7A8B}.Release|Any CPU.ActiveCfg = Release|Any CPU
		{D7F8B7D0-2EF7-45DB-AC4A-5A31B16A7A8B}.Release|Any CPU.Build.0 = Release|Any CPU
		{D7F8B7D0-2EF7-45DB-AC4A-5A31B16A7A8B}.Release|x64.ActiveCfg = Release|Any CPU
		{D7F8B7D0-2EF7-45DB-AC4A-5A31B16A7A8B}.Release|x64.Build.0 = Release|Any CPU
		{D7F8B7D0-2EF7-45DB-AC4A-5A31B16A7A8B}.Release|x86.ActiveCfg = Release|Any CPU
		{D7F8B7D0-2EF7-45DB-AC4A-5A31B16A7A8B}.Release|x86.Build.0 = Release|Any CPU
		{E6A09E93-F33A-410B-94E2-F86F92CF4236}.Debug|Any CPU.ActiveCfg = Debug|Any CPU
		{E6A09E93-F33A-410B-94E2-F86F92CF4236}.Debug|Any CPU.Build.0 = Debug|Any CPU
		{E6A09E93-F33A-410B-94E2-F86F92CF4236}.Debug|x64.ActiveCfg = Debug|Any CPU
		{E6A09E93-F33A-410B-94E2-F86F92CF4236}.Debug|x64.Build.0 = Debug|Any CPU
		{E6A09E93-F33A-410B-94E2-F86F92CF4236}.Debug|x86.ActiveCfg = Debug|Any CPU
		{E6A09E93-F33A-410B-94E2-F86F92CF4236}.Debug|x86.Build.0 = Debug|Any CPU
		{E6A09E93-F33A-410B-94E2-F86F92CF4236}.Release|Any CPU.ActiveCfg = Release|Any CPU
		{E6A09E93-F33A-410B-94E2-F86F92CF4236}.Release|Any CPU.Build.0 = Release|Any CPU
		{E6A09E93-F33A-410B-94E2-F86F92CF4236}.Release|x64.ActiveCfg = Release|Any CPU
		{E6A09E93-F33A-410B-94E2-F86F92CF4236}.Release|x64.Build.0 = Release|Any CPU
		{E6A09E93-F33A-410B-94E2-F86F92CF4236}.Release|x86.ActiveCfg = Release|Any CPU
		{E6A09E93-F33A-410B-94E2-F86F92CF4236}.Release|x86.Build.0 = Release|Any CPU
	EndGlobalSection
	GlobalSection(SolutionProperties) = preSolution
		HideSolutionNode = FALSE
	EndGlobalSection
	GlobalSection(NestedProjects) = preSolution
		{F39CB704-7626-4312-B6BA-56DFFBC44C68} = {827E0CD3-B72D-47B6-A68D-7590B98EB39B}
		{4790A424-CFF2-4A4A-96B2-C5A1212B7A23} = {827E0CD3-B72D-47B6-A68D-7590B98EB39B}
		{93ED9048-A9AD-40EC-B43A-63BF654B192F} = {827E0CD3-B72D-47B6-A68D-7590B98EB39B}
		{6420411F-FAE0-4C9A-BC92-24AC776B7F21} = {827E0CD3-B72D-47B6-A68D-7590B98EB39B}
		{7EBFADF7-9B33-4658-AD38-3B5E062570C3} = {0AB3BF05-4346-4AA6-1389-037BE0695223}
		{C4404661-123B-41DC-A300-E2D5B71A1A64} = {0AB3BF05-4346-4AA6-1389-037BE0695223}
		{71A59C09-2BD6-49EA-91F1-93C7704EB220} = {0AB3BF05-4346-4AA6-1389-037BE0695223}
		{CF02F3BA-E92B-409F-94E3-49BEC907D32C} = {0AB3BF05-4346-4AA6-1389-037BE0695223}
		{64E55623-40F7-4C38-871F-D38611FE5DC8} = {5D20AA90-6969-D8BD-9DCD-8634F4692FDA}
		{D7F8B7D0-2EF7-45DB-AC4A-5A31B16A7A8B} = {5D20AA90-6969-D8BD-9DCD-8634F4692FDA}
		{E6A09E93-F33A-410B-94E2-F86F92CF4236} = {5D20AA90-6969-D8BD-9DCD-8634F4692FDA}
	EndGlobalSection
EndGlobal
